{
  "requires": true,
  "lockfileVersion": 1,
  "dependencies": {
    "es-color-name": {
      "version": "2.1.4",
      "resolved": "https://registry.npmjs.org/es-color-name/-/es-color-name-2.1.4.tgz",
      "integrity": "sha512-yLDlplKBEGTBAH+s1RpCWhx78wjZ+piduc/WOn/gO0OCY/AZ+xFb3EHYN9GAlulamB6bws4rwiPIeYvaYQewgw=="
    }
  }
}
